<Solution>
  <Folder Name="/Solution Items/">
    <File Path=".editorconfig" />
  </Folder>
  <Project Path="Meziantou.GitHubActionsTracing.Tests/Meziantou.GitHubActionsTracing.Tests.csproj" />
  <Project Path="Meziantou.GitHubActionsTracing/Meziantou.GitHubActionsTracing.csproj" />
  <Project Path="Meziantou.GitHubActionsTracing.Server/Meziantou.GitHubActionsTracing.Server.csproj" />
</Solution>
